<?xml version="1.0" encoding="utf-8"?>
<Project ToolsVersion="4.0" xmlns="http://schemas.microsoft.com/developer/msbuild/2003">
  <ItemGroup>
    <Filter Include="files logic">
      <UniqueIdentifier>{bf1c7643-db3d-40ec-b913-0534bc8c54ce}</UniqueIdentifier>
    </Filter>
    <Filter Include="ui">
      <UniqueIdentifier>{7027ecf5-c70d-4900-8ccf-f5e4509c3653}</UniqueIdentifier>
    </Filter>
    <Filter Include="config">
      <UniqueIdentifier>{7463e5e0-e3c8-434a-99b1-68928a8cbbd6}</UniqueIdentifier>
    </Filter>
  </ItemGroup>
  <ItemGroup>
    <ClCompile Include="_main.cpp" />
    <ClCompile Include="app.cpp" />
    <ClCompile Include="ui.cpp">
      <Filter>ui</Filter>
    </ClCompile>
    <ClCompile Include="files_logic.cpp">
      <Filter>files logic</Filter>
    </ClCompile>
    <ClCompile Include="config.cpp">
      <Filter>config</Filter>
    </ClCompile>
  </ItemGroup>
  <ItemGroup>
    <ClInclude Include="app.h" />
    <ClInclude Include="ui.h">
      <Filter>ui</Filter>
    </ClInclude>
    <ClInclude Include="files_logic.h">
      <Filter>files logic</Filter>
    </ClInclude>
    <ClInclude Include="config.h">
      <Filter>config</Filter>
    </ClInclude>
  </ItemGroup>
</Project>