<?xml version="1.0" encoding="utf-8"?>
<Project ToolsVersion="4.0" xmlns="http://schemas.microsoft.com/developer/msbuild/2003">
  <ItemGroup>
    <Filter Include="files logic">
      <UniqueIdentifier>{bf1c7643-db3d-40ec-b913-0534bc8c54ce}</UniqueIdentifier>
    </Filter>
    <Filter Include="ui">
      <UniqueIdentifier>{7027ecf5-c70d-4900-8ccf-f5e4509c3653}</UniqueIdentifier>
    </Filter>
    <Filter Include="config">
      <UniqueIdentifier>{7463e5e0-e3c8-434a-99b1-68928a8cbbd6}</UniqueIdentifier>
    </Filter>
  </ItemGroup>
  <ItemGroup>
    <ClCompile Include="_main.cpp" />
    <ClCompile Include="app.cpp" />
    <ClCompile Include="ui.cpp">
      <Filter>ui</Filter>
    </ClCompile>
    <ClCompile Include="files_logic.cpp">
      <Filter>files logic</Filter>
    </ClCompile>
    <ClCompile Include="config.cpp">
      <Filter>config</Filter>
    </ClCompile>
  </ItemGroup>
  <ItemGroup>
    <ClInclude Include="app.h" />
    <ClInclude Include="ui.h">
      <Filter>ui</Filter>
    </ClInclude>
    <ClInclude Include="files_logic.h">
      <Filter>files logic</Filter>
    </ClInclude>
    <ClInclude Include="config.h">
      <Filter>config</Filter>
    </ClInclude>
    <ClInclude Include="unicode\appendable.h" />
    <ClInclude Include="unicode\brkiter.h" />
    <ClInclude Include="unicode\bytestream.h" />
    <ClInclude Include="unicode\bytestrie.h" />
    <ClInclude Include="unicode\bytestriebuilder.h" />
    <ClInclude Include="unicode\caniter.h" />
    <ClInclude Include="unicode\casemap.h" />
    <ClInclude Include="unicode\char16ptr.h" />
    <ClInclude Include="unicode\chariter.h" />
    <ClInclude Include="unicode\dbbi.h" />
    <ClInclude Include="unicode\docmain.h" />
    <ClInclude Include="unicode\dtintrv.h" />
    <ClInclude Include="unicode\edits.h" />
    <ClInclude Include="unicode\enumset.h" />
    <ClInclude Include="unicode\errorcode.h" />
    <ClInclude Include="unicode\filteredbrk.h" />
    <ClInclude Include="unicode\icudataver.h" />
    <ClInclude Include="unicode\icuplug.h" />
    <ClInclude Include="unicode\idna.h" />
    <ClInclude Include="unicode\localebuilder.h" />
    <ClInclude Include="unicode\localematcher.h" />
    <ClInclude Include="unicode\localpointer.h" />
    <ClInclude Include="unicode\locdspnm.h" />
    <ClInclude Include="unicode\locid.h" />
    <ClInclude Include="unicode\messagepattern.h" />
    <ClInclude Include="unicode\normalizer2.h" />
    <ClInclude Include="unicode\normlzr.h" />
    <ClInclude Include="unicode\parseerr.h" />
    <ClInclude Include="unicode\parsepos.h" />
    <ClInclude Include="unicode\platform.h" />
    <ClInclude Include="unicode\ptypes.h" />
    <ClInclude Include="unicode\putil.h" />
    <ClInclude Include="unicode\rbbi.h" />
    <ClInclude Include="unicode\rep.h" />
    <ClInclude Include="unicode\resbund.h" />
    <ClInclude Include="unicode\schriter.h" />
    <ClInclude Include="unicode\simpleformatter.h" />
    <ClInclude Include="unicode\std_string.h" />
    <ClInclude Include="unicode\strenum.h" />
    <ClInclude Include="unicode\stringoptions.h" />
    <ClInclude Include="unicode\stringpiece.h" />
    <ClInclude Include="unicode\stringtriebuilder.h" />
    <ClInclude Include="unicode\symtable.h" />
    <ClInclude Include="unicode\ubidi.h" />
    <ClInclude Include="unicode\ubiditransform.h" />
    <ClInclude Include="unicode\ubrk.h" />
    <ClInclude Include="unicode\ucasemap.h" />
    <ClInclude Include="unicode\ucat.h" />
    <ClInclude Include="unicode\uchar.h" />
    <ClInclude Include="unicode\ucharstrie.h" />
    <ClInclude Include="unicode\ucharstriebuilder.h" />
    <ClInclude Include="unicode\uchriter.h" />
    <ClInclude Include="unicode\uclean.h" />
    <ClInclude Include="unicode\ucnv.h" />
    <ClInclude Include="unicode\ucnv_cb.h" />
    <ClInclude Include="unicode\ucnv_err.h" />
    <ClInclude Include="unicode\ucnvsel.h" />
    <ClInclude Include="unicode\uconfig.h" />
    <ClInclude Include="unicode\ucpmap.h" />
    <ClInclude Include="unicode\ucptrie.h" />
    <ClInclude Include="unicode\ucurr.h" />
    <ClInclude Include="unicode\udata.h" />
    <ClInclude Include="unicode\udisplaycontext.h" />
    <ClInclude Include="unicode\uenum.h" />
    <ClInclude Include="unicode\uidna.h" />
    <ClInclude Include="unicode\uiter.h" />
    <ClInclude Include="unicode\uldnames.h" />
    <ClInclude Include="unicode\uloc.h" />
    <ClInclude Include="unicode\ulocale.h" />
    <ClInclude Include="unicode\ulocbuilder.h" />
    <ClInclude Include="unicode\umachine.h" />
    <ClInclude Include="unicode\umisc.h" />
    <ClInclude Include="unicode\umutablecptrie.h" />
    <ClInclude Include="unicode\unifilt.h" />
    <ClInclude Include="unicode\unifunct.h" />
    <ClInclude Include="unicode\unimatch.h" />
    <ClInclude Include="unicode\uniset.h" />
    <ClInclude Include="unicode\unistr.h" />
    <ClInclude Include="unicode\unorm.h" />
    <ClInclude Include="unicode\unorm2.h" />
    <ClInclude Include="unicode\uobject.h" />
    <ClInclude Include="unicode\urename.h" />
    <ClInclude Include="unicode\urep.h" />
    <ClInclude Include="unicode\ures.h" />
    <ClInclude Include="unicode\uscript.h" />
    <ClInclude Include="unicode\uset.h" />
    <ClInclude Include="unicode\usetiter.h" />
    <ClInclude Include="unicode\ushape.h" />
    <ClInclude Include="unicode\usprep.h" />
    <ClInclude Include="unicode\ustring.h" />
    <ClInclude Include="unicode\ustringtrie.h" />
    <ClInclude Include="unicode\utext.h" />
    <ClInclude Include="unicode\utf.h" />
    <ClInclude Include="unicode\utf_old.h" />
    <ClInclude Include="unicode\utf8.h" />
    <ClInclude Include="unicode\utf16.h" />
    <ClInclude Include="unicode\utf32.h" />
    <ClInclude Include="unicode\utrace.h" />
    <ClInclude Include="unicode\utypes.h" />
    <ClInclude Include="unicode\uvernum.h" />
    <ClInclude Include="unicode\uversion.h" />
  </ItemGroup>
</Project>